
Microsoft Visual Studio Solution File, Format Version 12.00
# Visual Studio 15
VisualStudioVersion = 15.0.27428.2015
MinimumVisualStudioVersion = 10.0.40219.1
Project("{FAE04EC0-301F-11D3-BF4B-00C04F79EFBC}") = "T4Repositories.Console", "T4Repositories.Console\T4Repositories.Console.csproj", "{0077779A-53A3-4447-88F1-72F2D700CB56}"
EndProject
Project("{FAE04EC0-301F-11D3-BF4B-00C04F79EFBC}") = "T4Repositories.Logic", "T4Repositories.Logic\T4Repositories.Logic.csproj", "{3A90BC06-CD93-48F0-9E2A-494B235F41AE}"
EndProject
Project("{FAE04EC0-301F-11D3-BF4B-00C04F79EFBC}") = "T4Repositories.DataAccess", "T4Repositories.DataAccess\T4Repositories.DataAccess.csproj", "{1723986E-C7F8-4DB1-B975-8057CE5DDF99}"
EndProject
Project("{FAE04EC0-301F-11D3-BF4B-00C04F79EFBC}") = "T4Repositories.Models", "T4Repositories.Models\T4Repositories.Models.csproj", "{2E83378A-C59A-4DA3-83BA-9A3A27FC2821}"
EndProject
Project("{FAE04EC0-301F-11D3-BF4B-00C04F79EFBC}") = "T4Repositories.Web", "T4Repositories.Web\T4Repositories.Web.csproj", "{916C8368-F0F8-4EEC-A3F7-5178F7C64816}"
EndProject
Global
	GlobalSection(SolutionConfigurationPlatforms) = preSolution
		Debug|Any CPU = Debug|Any CPU
		Release|Any CPU = Release|Any CPU
	EndGlobalSection
	GlobalSection(ProjectConfigurationPlatforms) = postSolution
		{0077779A-53A3-4447-88F1-72F2D700CB56}.Debug|Any CPU.ActiveCfg = Debug|Any CPU
		{0077779A-53A3-4447-88F1-72F2D700CB56}.Debug|Any CPU.Build.0 = Debug|Any CPU
		{0077779A-53A3-4447-88F1-72F2D700CB56}.Release|Any CPU.ActiveCfg = Release|Any CPU
		{0077779A-53A3-4447-88F1-72F2D700CB56}.Release|Any CPU.Build.0 = Release|Any CPU
		{3A90BC06-CD93-48F0-9E2A-494B235F41AE}.Debug|Any CPU.ActiveCfg = Debug|Any CPU
		{3A90BC06-CD93-48F0-9E2A-494B235F41AE}.Debug|Any CPU.Build.0 = Debug|Any CPU
		{3A90BC06-CD93-48F0-9E2A-494B235F41AE}.Release|Any CPU.ActiveCfg = Release|Any CPU
		{3A90BC06-CD93-48F0-9E2A-494B235F41AE}.Release|Any CPU.Build.0 = Release|Any CPU
		{1723986E-C7F8-4DB1-B975-8057CE5DDF99}.Debug|Any CPU.ActiveCfg = Debug|Any CPU
		{1723986E-C7F8-4DB1-B975-8057CE5DDF99}.Debug|Any CPU.Build.0 = Debug|Any CPU
		{1723986E-C7F8-4DB1-B975-8057CE5DDF99}.Release|Any CPU.ActiveCfg = Release|Any CPU
		{1723986E-C7F8-4DB1-B975-8057CE5DDF99}.Release|Any CPU.Build.0 = Release|Any CPU
		{2E83378A-C59A-4DA3-83BA-9A3A27FC2821}.Debug|Any CPU.ActiveCfg = Debug|Any CPU
		{2E83378A-C59A-4DA3-83BA-9A3A27FC2821}.Debug|Any CPU.Build.0 = Debug|Any CPU
		{2E83378A-C59A-4DA3-83BA-9A3A27FC2821}.Release|Any CPU.ActiveCfg = Release|Any CPU
		{2E83378A-C59A-4DA3-83BA-9A3A27FC2821}.Release|Any CPU.Build.0 = Release|Any CPU
		{916C8368-F0F8-4EEC-A3F7-5178F7C64816}.Debug|Any CPU.ActiveCfg = Debug|Any CPU
		{916C8368-F0F8-4EEC-A3F7-5178F7C64816}.Debug|Any CPU.Build.0 = Debug|Any CPU
		{916C8368-F0F8-4EEC-A3F7-5178F7C64816}.Release|Any CPU.ActiveCfg = Release|Any CPU
		{916C8368-F0F8-4EEC-A3F7-5178F7C64816}.Release|Any CPU.Build.0 = Release|Any CPU
	EndGlobalSection
	GlobalSection(SolutionProperties) = preSolution
		HideSolutionNode = FALSE
	EndGlobalSection
	GlobalSection(ExtensibilityGlobals) = postSolution
		SolutionGuid = {EFE3AEE2-C23B-4E8D-B3BB-3DEDBE7CBA12}
	EndGlobalSection
EndGlobal
